PODS:
  - Alamofire (5.5.0)
  - Moya/Core (15.0.0):
    - Alamofire (~> 5.0)
  - Moya/RxSwift (15.0.0):
    - Moya/Core
    - RxSwift (~> 6.0)
  - Realm (10.25.0):
    - Realm/Headers (= 10.25.0)
  - Realm/Headers (10.25.0)
  - RealmSwift (10.25.0):
    - Realm (= 10.25.0)
  - Runtime (2.2.2)
  - RxCocoa (6.5.0):
    - RxRelay (= 6.5.0)
    - RxSwift (= 6.5.0)
  - RxRelay (6.5.0):
    - RxSwift (= 6.5.0)
  - RxSwift (6.5.0)
  - SDWebImage (5.0.0):
    - SDWebImage/Core (= 5.0.0)
  - SDWebImage/Core (5.0.0)
  - SnapKit (5.0.0)
  - Unrealm (1.9.4):
    - Realm
    - RealmSwift
    - Runtime

DEPENDENCIES:
  - Moya/RxSwift (= 15.0)
  - RxCocoa (= 6.5.0)
  - RxSwift (= 6.5.0)
  - SDWebImage (= 5.0)
  - SnapKit (= 5.0.0)
  - Unrealm

SPEC REPOS:
  trunk:
    - Alamofire
    - Moya
    - Realm
    - RealmSwift
    - Runtime
    - RxCocoa
    - RxRelay
    - RxSwift
    - SDWebImage
    - SnapKit
    - Unrealm

SPEC CHECKSUMS:
  Alamofire: 1c4fb5369c3fe93d2857c780d8bbe09f06f97e7c
  Moya: 138f0573e53411fb3dc17016add0b748dfbd78ee
  Realm: 22a82aaa0e73f3483e3a6df32549c4c5cd34aa63
  RealmSwift: c2a635212400923edd3f828b8a37d55d3eb31863
  Runtime: 67741bd196fb4ad821c4d259ccc527bf734d8806
  RxCocoa: 94f817b71c07517321eb4f9ad299112ca8af743b
  RxRelay: 1de1523e604c72b6c68feadedd1af3b1b4d0ecbd
  RxSwift: 5710a9e6b17f3c3d6e40d6e559b9fa1e813b2ef8
  SDWebImage: 5de80a0302de9e377e62f47d2fa1304efff0e55f
  SnapKit: fd22d10eb9aff484d79a8724eab922c1ddf89bcf
  Unrealm: 547a3e1432a86df5cff7b74927a60cc664cc2a0d

PODFILE CHECKSUM: cdc8e5259337ba909a73ea634806776ea6085794

COCOAPODS: 1.11.2
